
Microsoft Visual Studio Solution File, Format Version 12.00
# Visual Studio Version 17
VisualStudioVersion = 17.14.37012.4 d17.14
MinimumVisualStudioVersion = 10.0.40219.1
Project("{FAE04EC0-301F-11D3-BF4B-00C04F79EFBC}") = "Server", "Server.csproj", "{7BA20C64-A9B9-41F3-A5FB-7A89D780B947}"
EndProject
Global
	GlobalSection(SolutionConfigurationPlatforms) = preSolution
		Debug|Any CPU = Debug|Any CPU
		Release|Any CPU = Release|Any CPU
	EndGlobalSection
	GlobalSection(ProjectConfigurationPlatforms) = postSolution
		{7BA20C64-A9B9-41F3-A5FB-7A89D780B947}.Debug|Any CPU.ActiveCfg = Debug|Any CPU
		{7BA20C64-A9B9-41F3-A5FB-7A89D780B947}.Debug|Any CPU.Build.0 = Debug|Any CPU
		{7BA20C64-A9B9-41F3-A5FB-7A89D780B947}.Release|Any CPU.ActiveCfg = Release|Any CPU
		{7BA20C64-A9B9-41F3-A5FB-7A89D780B947}.Release|Any CPU.Build.0 = Release|Any CPU
	EndGlobalSection
	GlobalSection(SolutionProperties) = preSolution
		HideSolutionNode = FALSE
	EndGlobalSection
	GlobalSection(ExtensibilityGlobals) = postSolution
		SolutionGuid = {698156D8-B30C-446D-A5BF-DA19F9C5F048}
	EndGlobalSection
EndGlobal
